
Microsoft Visual Studio Solution File, Format Version 12.00
# Visual Studio 2013
VisualStudioVersion = 12.0.31101.0
MinimumVisualStudioVersion = 10.0.40219.1
Project("{FAE04EC0-301F-11D3-BF4B-00C04F79EFBC}") = "ConsoleClient", "ConsoleClient\ConsoleClient.csproj", "{5EA1C296-7880-43DF-86A2-05A41C96C3EB}"
EndProject
Project("{FAE04EC0-301F-11D3-BF4B-00C04F79EFBC}") = "Test", "Test\Test.csproj", "{B4C27F2D-0056-43B3-9C41-2F9A484F938A}"
EndProject
Project("{FAE04EC0-301F-11D3-BF4B-00C04F79EFBC}") = "App", "App\App.csproj", "{2236098E-4CAF-44CE-B638-5ACE8B47BB77}"
EndProject
Global
	GlobalSection(SolutionConfigurationPlatforms) = preSolution
		Debug|Any CPU = Debug|Any CPU
		Release|Any CPU = Release|Any CPU
	EndGlobalSection
	GlobalSection(ProjectConfigurationPlatforms) = postSolution
		{5EA1C296-7880-43DF-86A2-05A41C96C3EB}.Debug|Any CPU.ActiveCfg = Debug|Any CPU
		{5EA1C296-7880-43DF-86A2-05A41C96C3EB}.Debug|Any CPU.Build.0 = Debug|Any CPU
		{5EA1C296-7880-43DF-86A2-05A41C96C3EB}.Release|Any CPU.ActiveCfg = Release|Any CPU
		{5EA1C296-7880-43DF-86A2-05A41C96C3EB}.Release|Any CPU.Build.0 = Release|Any CPU
		{B4C27F2D-0056-43B3-9C41-2F9A484F938A}.Debug|Any CPU.ActiveCfg = Debug|Any CPU
		{B4C27F2D-0056-43B3-9C41-2F9A484F938A}.Debug|Any CPU.Build.0 = Debug|Any CPU
		{B4C27F2D-0056-43B3-9C41-2F9A484F938A}.Release|Any CPU.ActiveCfg = Release|Any CPU
		{B4C27F2D-0056-43B3-9C41-2F9A484F938A}.Release|Any CPU.Build.0 = Release|Any CPU
		{2236098E-4CAF-44CE-B638-5ACE8B47BB77}.Debug|Any CPU.ActiveCfg = Debug|Any CPU
		{2236098E-4CAF-44CE-B638-5ACE8B47BB77}.Debug|Any CPU.Build.0 = Debug|Any CPU
		{2236098E-4CAF-44CE-B638-5ACE8B47BB77}.Release|Any CPU.ActiveCfg = Release|Any CPU
		{2236098E-4CAF-44CE-B638-5ACE8B47BB77}.Release|Any CPU.Build.0 = Release|Any CPU
	EndGlobalSection
	GlobalSection(SolutionProperties) = preSolution
		HideSolutionNode = FALSE
	EndGlobalSection
EndGlobal
